
Microsoft Visual Studio Solution File, Format Version 12.00
# Visual Studio Version 17
VisualStudioVersion = 17.8.34525.116
MinimumVisualStudioVersion = 10.0.40219.1
Project("{9A19103F-16F7-4668-BE54-9A1E7A4F7556}") = "INFOMSMC Block Relocation", "INFOMSMC Block Relocation\INFOMSMC Block Relocation.csproj", "{B5C5BB5C-6D69-4165-9470-8DD83B2DB7F3}"
EndProject
Project("{FAE04EC0-301F-11D3-BF4B-00C04F79EFBC}") = "DataAnalysis", "DataAnalysis\DataAnalysis.csproj", "{F897738C-9635-47FD-B09D-77CACFDA8E6A}"
EndProject
Global
	GlobalSection(SolutionConfigurationPlatforms) = preSolution
		Debug|Any CPU = Debug|Any CPU
		Release|Any CPU = Release|Any CPU
	EndGlobalSection
	GlobalSection(ProjectConfigurationPlatforms) = postSolution
		{B5C5BB5C-6D69-4165-9470-8DD83B2DB7F3}.Debug|Any CPU.ActiveCfg = Debug|Any CPU
		{B5C5BB5C-6D69-4165-9470-8DD83B2DB7F3}.Debug|Any CPU.Build.0 = Debug|Any CPU
		{B5C5BB5C-6D69-4165-9470-8DD83B2DB7F3}.Release|Any CPU.ActiveCfg = Release|Any CPU
		{B5C5BB5C-6D69-4165-9470-8DD83B2DB7F3}.Release|Any CPU.Build.0 = Release|Any CPU
		{F897738C-9635-47FD-B09D-77CACFDA8E6A}.Debug|Any CPU.ActiveCfg = Debug|Any CPU
		{F897738C-9635-47FD-B09D-77CACFDA8E6A}.Debug|Any CPU.Build.0 = Debug|Any CPU
		{F897738C-9635-47FD-B09D-77CACFDA8E6A}.Release|Any CPU.ActiveCfg = Release|Any CPU
		{F897738C-9635-47FD-B09D-77CACFDA8E6A}.Release|Any CPU.Build.0 = Release|Any CPU
	EndGlobalSection
	GlobalSection(SolutionProperties) = preSolution
		HideSolutionNode = FALSE
	EndGlobalSection
	GlobalSection(ExtensibilityGlobals) = postSolution
		SolutionGuid = {34AC9520-2F34-4CE4-97AB-233068457A74}
	EndGlobalSection
EndGlobal
